
Microsoft Visual Studio Solution File, Format Version 12.00
# Visual Studio 15
VisualStudioVersion = 15.0.27130.2027
MinimumVisualStudioVersion = 10.0.40219.1
Project("{FAE04EC0-301F-11D3-BF4B-00C04F79EFBC}") = "DemoViews.Android", "DemoViews\DemoViews.Android\DemoViews.Android.csproj", "{F8677F0D-750B-4C35-86EE-C7C998AC6657}"
EndProject
Project("{FAE04EC0-301F-11D3-BF4B-00C04F79EFBC}") = "DemoViews.iOS", "DemoViews\DemoViews.iOS\DemoViews.iOS.csproj", "{3751F9CA-FB9F-4072-A400-C23D9822F959}"
EndProject
Project("{FAE04EC0-301F-11D3-BF4B-00C04F79EFBC}") = "DemoViews", "DemoViews\DemoViews\DemoViews.csproj", "{CBAF4DF8-CD85-4BD9-A692-BB48965F589C}"
EndProject
Global
	GlobalSection(SolutionConfigurationPlatforms) = preSolution
		Ad-Hoc|Any CPU = Ad-Hoc|Any CPU
		Ad-Hoc|iPhone = Ad-Hoc|iPhone
		Ad-Hoc|iPhoneSimulator = Ad-Hoc|iPhoneSimulator
		AppStore|Any CPU = AppStore|Any CPU
		AppStore|iPhone = AppStore|iPhone
		AppStore|iPhoneSimulator = AppStore|iPhoneSimulator
		Debug|Any CPU = Debug|Any CPU
		Debug|iPhone = Debug|iPhone
		Debug|iPhoneSimulator = Debug|iPhoneSimulator
		Release|Any CPU = Release|Any CPU
		Release|iPhone = Release|iPhone
		Release|iPhoneSimulator = Release|iPhoneSimulator
	EndGlobalSection
	GlobalSection(ProjectConfigurationPlatforms) = postSolution
		{F8677F0D-750B-4C35-86EE-C7C998AC6657}.Ad-Hoc|Any CPU.ActiveCfg = Release|Any CPU
		{F8677F0D-750B-4C35-86EE-C7C998AC6657}.Ad-Hoc|Any CPU.Build.0 = Release|Any CPU
		{F8677F0D-750B-4C35-86EE-C7C998AC6657}.Ad-Hoc|Any CPU.Deploy.0 = Release|Any CPU
		{F8677F0D-750B-4C35-86EE-C7C998AC6657}.Ad-Hoc|iPhone.ActiveCfg = Release|Any CPU
		{F8677F0D-750B-4C35-86EE-C7C998AC6657}.Ad-Hoc|iPhone.Build.0 = Release|Any CPU
		{F8677F0D-750B-4C35-86EE-C7C998AC6657}.Ad-Hoc|iPhone.Deploy.0 = Release|Any CPU
		{F8677F0D-750B-4C35-86EE-C7C998AC6657}.Ad-Hoc|iPhoneSimulator.ActiveCfg = Release|Any CPU
		{F8677F0D-750B-4C35-86EE-C7C998AC6657}.Ad-Hoc|iPhoneSimulator.Build.0 = Release|Any CPU
		{F8677F0D-750B-4C35-86EE-C7C998AC6657}.Ad-Hoc|iPhoneSimulator.Deploy.0 = Release|Any CPU
		{F8677F0D-750B-4C35-86EE-C7C998AC6657}.AppStore|Any CPU.ActiveCfg = Release|Any CPU
		{F8677F0D-750B-4C35-86EE-C7C998AC6657}.AppStore|Any CPU.Build.0 = Release|Any CPU
		{F8677F0D-750B-4C35-86EE-C7C998AC6657}.AppStore|Any CPU.Deploy.0 = Release|Any CPU
		{F8677F0D-750B-4C35-86EE-C7C998AC6657}.AppStore|iPhone.ActiveCfg = Release|Any CPU
		{F8677F0D-750B-4C35-86EE-C7C998AC6657}.AppStore|iPhone.Build.0 = Release|Any CPU
		{F8677F0D-750B-4C35-86EE-C7C998AC6657}.AppStore|iPhone.Deploy.0 = Release|Any CPU
		{F8677F0D-750B-4C35-86EE-C7C998AC6657}.AppStore|iPhoneSimulator.ActiveCfg = Release|Any CPU
		{F8677F0D-750B-4C35-86EE-C7C998AC6657}.AppStore|iPhoneSimulator.Build.0 = Release|Any CPU
		{F8677F0D-750B-4C35-86EE-C7C998AC6657}.AppStore|iPhoneSimulator.Deploy.0 = Release|Any CPU
		{F8677F0D-750B-4C35-86EE-C7C998AC6657}.Debug|Any CPU.ActiveCfg = Debug|Any CPU
		{F8677F0D-750B-4C35-86EE-C7C998AC6657}.Debug|Any CPU.Build.0 = Debug|Any CPU
		{F8677F0D-750B-4C35-86EE-C7C998AC6657}.Debug|Any CPU.Deploy.0 = Debug|Any CPU
		{F8677F0D-750B-4C35-86EE-C7C998AC6657}.Debug|iPhone.ActiveCfg = Debug|Any CPU
		{F8677F0D-750B-4C35-86EE-C7C998AC6657}.Debug|iPhone.Build.0 = Debug|Any CPU
		{F8677F0D-750B-4C35-86EE-C7C998AC6657}.Debug|iPhone.Deploy.0 = Debug|Any CPU
		{F8677F0D-750B-4C35-86EE-C7C998AC6657}.Debug|iPhoneSimulator.ActiveCfg = Debug|Any CPU
		{F8677F0D-750B-4C35-86EE-C7C998AC6657}.Debug|iPhoneSimulator.Build.0 = Debug|Any CPU
		{F8677F0D-750B-4C35-86EE-C7C998AC6657}.Debug|iPhoneSimulator.Deploy.0 = Debug|Any CPU
		{F8677F0D-750B-4C35-86EE-C7C998AC6657}.Release|Any CPU.ActiveCfg = Release|Any CPU
		{F8677F0D-750B-4C35-86EE-C7C998AC6657}.Release|Any CPU.Build.0 = Release|Any CPU
		{F8677F0D-750B-4C35-86EE-C7C998AC6657}.Release|Any CPU.Deploy.0 = Release|Any CPU
		{F8677F0D-750B-4C35-86EE-C7C998AC6657}.Release|iPhone.ActiveCfg = Release|Any CPU
		{F8677F0D-750B-4C35-86EE-C7C998AC6657}.Release|iPhone.Build.0 = Release|Any CPU
		{F8677F0D-750B-4C35-86EE-C7C998AC6657}.Release|iPhone.Deploy.0 = Release|Any CPU
		{F8677F0D-750B-4C35-86EE-C7C998AC6657}.Release|iPhoneSimulator.ActiveCfg = Release|Any CPU
		{F8677F0D-750B-4C35-86EE-C7C998AC6657}.Release|iPhoneSimulator.Build.0 = Release|Any CPU
		{F8677F0D-750B-4C35-86EE-C7C998AC6657}.Release|iPhoneSimulator.Deploy.0 = Release|Any CPU
		{3751F9CA-FB9F-4072-A400-C23D9822F959}.Ad-Hoc|Any CPU.ActiveCfg = Ad-Hoc|iPhone
		{3751F9CA-FB9F-4072-A400-C23D9822F959}.Ad-Hoc|iPhone.ActiveCfg = Ad-Hoc|iPhone
		{3751F9CA-FB9F-4072-A400-C23D9822F959}.Ad-Hoc|iPhone.Build.0 = Ad-Hoc|iPhone
		{3751F9CA-FB9F-4072-A400-C23D9822F959}.Ad-Hoc|iPhoneSimulator.ActiveCfg = Ad-Hoc|iPhoneSimulator
		{3751F9CA-FB9F-4072-A400-C23D9822F959}.Ad-Hoc|iPhoneSimulator.Build.0 = Ad-Hoc|iPhoneSimulator
		{3751F9CA-FB9F-4072-A400-C23D9822F959}.AppStore|Any CPU.ActiveCfg = AppStore|iPhone
		{3751F9CA-FB9F-4072-A400-C23D9822F959}.AppStore|iPhone.ActiveCfg = AppStore|iPhone
		{3751F9CA-FB9F-4072-A400-C23D9822F959}.AppStore|iPhone.Build.0 = AppStore|iPhone
		{3751F9CA-FB9F-4072-A400-C23D9822F959}.AppStore|iPhoneSimulator.ActiveCfg = AppStore|iPhoneSimulator
		{3751F9CA-FB9F-4072-A400-C23D9822F959}.AppStore|iPhoneSimulator.Build.0 = AppStore|iPhoneSimulator
		{3751F9CA-FB9F-4072-A400-C23D9822F959}.Debug|Any CPU.ActiveCfg = Debug|iPhone
		{3751F9CA-FB9F-4072-A400-C23D9822F959}.Debug|iPhone.ActiveCfg = Debug|iPhone
		{3751F9CA-FB9F-4072-A400-C23D9822F959}.Debug|iPhone.Build.0 = Debug|iPhone
		{3751F9CA-FB9F-4072-A400-C23D9822F959}.Debug|iPhoneSimulator.ActiveCfg = Debug|iPhoneSimulator
		{3751F9CA-FB9F-4072-A400-C23D9822F959}.Debug|iPhoneSimulator.Build.0 = Debug|iPhoneSimulator
		{3751F9CA-FB9F-4072-A400-C23D9822F959}.Release|Any CPU.ActiveCfg = Release|iPhone
		{3751F9CA-FB9F-4072-A400-C23D9822F959}.Release|iPhone.ActiveCfg = Release|iPhone
		{3751F9CA-FB9F-4072-A400-C23D9822F959}.Release|iPhone.Build.0 = Release|iPhone
		{3751F9CA-FB9F-4072-A400-C23D9822F959}.Release|iPhoneSimulator.ActiveCfg = Release|iPhoneSimulator
		{3751F9CA-FB9F-4072-A400-C23D9822F959}.Release|iPhoneSimulator.Build.0 = Release|iPhoneSimulator
		{CBAF4DF8-CD85-4BD9-A692-BB48965F589C}.Ad-Hoc|Any CPU.ActiveCfg = Debug|Any CPU
		{CBAF4DF8-CD85-4BD9-A692-BB48965F589C}.Ad-Hoc|Any CPU.Build.0 = Debug|Any CPU
		{CBAF4DF8-CD85-4BD9-A692-BB48965F589C}.Ad-Hoc|iPhone.ActiveCfg = Debug|Any CPU
		{CBAF4DF8-CD85-4BD9-A692-BB48965F589C}.Ad-Hoc|iPhone.Build.0 = Debug|Any CPU
		{CBAF4DF8-CD85-4BD9-A692-BB48965F589C}.Ad-Hoc|iPhoneSimulator.ActiveCfg = Debug|Any CPU
		{CBAF4DF8-CD85-4BD9-A692-BB48965F589C}.Ad-Hoc|iPhoneSimulator.Build.0 = Debug|Any CPU
		{CBAF4DF8-CD85-4BD9-A692-BB48965F589C}.AppStore|Any CPU.ActiveCfg = Debug|Any CPU
		{CBAF4DF8-CD85-4BD9-A692-BB48965F589C}.AppStore|Any CPU.Build.0 = Debug|Any CPU
		{CBAF4DF8-CD85-4BD9-A692-BB48965F589C}.AppStore|iPhone.ActiveCfg = Debug|Any CPU
		{CBAF4DF8-CD85-4BD9-A692-BB48965F589C}.AppStore|iPhone.Build.0 = Debug|Any CPU
		{CBAF4DF8-CD85-4BD9-A692-BB48965F589C}.AppStore|iPhoneSimulator.ActiveCfg = Debug|Any CPU
		{CBAF4DF8-CD85-4BD9-A692-BB48965F589C}.AppStore|iPhoneSimulator.Build.0 = Debug|Any CPU
		{CBAF4DF8-CD85-4BD9-A692-BB48965F589C}.Debug|Any CPU.ActiveCfg = Debug|Any CPU
		{CBAF4DF8-CD85-4BD9-A692-BB48965F589C}.Debug|Any CPU.Build.0 = Debug|Any CPU
		{CBAF4DF8-CD85-4BD9-A692-BB48965F589C}.Debug|iPhone.ActiveCfg = Debug|Any CPU
		{CBAF4DF8-CD85-4BD9-A692-BB48965F589C}.Debug|iPhone.Build.0 = Debug|Any CPU
		{CBAF4DF8-CD85-4BD9-A692-BB48965F589C}.Debug|iPhoneSimulator.ActiveCfg = Debug|Any CPU
		{CBAF4DF8-CD85-4BD9-A692-BB48965F589C}.Debug|iPhoneSimulator.Build.0 = Debug|Any CPU
		{CBAF4DF8-CD85-4BD9-A692-BB48965F589C}.Release|Any CPU.ActiveCfg = Release|Any CPU
		{CBAF4DF8-CD85-4BD9-A692-BB48965F589C}.Release|Any CPU.Build.0 = Release|Any CPU
		{CBAF4DF8-CD85-4BD9-A692-BB48965F589C}.Release|iPhone.ActiveCfg = Release|Any CPU
		{CBAF4DF8-CD85-4BD9-A692-BB48965F589C}.Release|iPhone.Build.0 = Release|Any CPU
		{CBAF4DF8-CD85-4BD9-A692-BB48965F589C}.Release|iPhoneSimulator.ActiveCfg = Release|Any CPU
		{CBAF4DF8-CD85-4BD9-A692-BB48965F589C}.Release|iPhoneSimulator.Build.0 = Release|Any CPU
	EndGlobalSection
	GlobalSection(SolutionProperties) = preSolution
		HideSolutionNode = FALSE
	EndGlobalSection
	GlobalSection(ExtensibilityGlobals) = postSolution
		SolutionGuid = {1324C416-E490-48DD-BEE0-64C9FDEEA90E}
	EndGlobalSection
EndGlobal
